
Microsoft Visual Studio Solution File, Format Version 12.00
# Visual Studio Version 17
VisualStudioVersion = 17.8.34330.188
MinimumVisualStudioVersion = 10.0.40219.1
Project("{9A19103F-16F7-4668-BE54-9A1E7A4F7556}") = "loops and arrays", "ConsoleApp1\loops and arrays.csproj", "{8F3F59AF-85F7-4C89-BF66-640973A25A53}"
EndProject
Project("{9A19103F-16F7-4668-BE54-9A1E7A4F7556}") = "functions", "functions\functions.csproj", "{42AA5114-5936-461C-8A80-106C72B00117}"
EndProject
Project("{FAE04EC0-301F-11D3-BF4B-00C04F79EFBC}") = "OOP", "OOP\OOP.csproj", "{7E1DF46E-E374-4682-BD5D-C69AEF31901E}"
EndProject
Global
	GlobalSection(SolutionConfigurationPlatforms) = preSolution
		Debug|Any CPU = Debug|Any CPU
		Release|Any CPU = Release|Any CPU
	EndGlobalSection
	GlobalSection(ProjectConfigurationPlatforms) = postSolution
		{8F3F59AF-85F7-4C89-BF66-640973A25A53}.Debug|Any CPU.ActiveCfg = Debug|Any CPU
		{8F3F59AF-85F7-4C89-BF66-640973A25A53}.Debug|Any CPU.Build.0 = Debug|Any CPU
		{8F3F59AF-85F7-4C89-BF66-640973A25A53}.Release|Any CPU.ActiveCfg = Release|Any CPU
		{8F3F59AF-85F7-4C89-BF66-640973A25A53}.Release|Any CPU.Build.0 = Release|Any CPU
		{42AA5114-5936-461C-8A80-106C72B00117}.Debug|Any CPU.ActiveCfg = Debug|Any CPU
		{42AA5114-5936-461C-8A80-106C72B00117}.Debug|Any CPU.Build.0 = Debug|Any CPU
		{42AA5114-5936-461C-8A80-106C72B00117}.Release|Any CPU.ActiveCfg = Release|Any CPU
		{42AA5114-5936-461C-8A80-106C72B00117}.Release|Any CPU.Build.0 = Release|Any CPU
		{7E1DF46E-E374-4682-BD5D-C69AEF31901E}.Debug|Any CPU.ActiveCfg = Debug|Any CPU
		{7E1DF46E-E374-4682-BD5D-C69AEF31901E}.Debug|Any CPU.Build.0 = Debug|Any CPU
		{7E1DF46E-E374-4682-BD5D-C69AEF31901E}.Release|Any CPU.ActiveCfg = Release|Any CPU
		{7E1DF46E-E374-4682-BD5D-C69AEF31901E}.Release|Any CPU.Build.0 = Release|Any CPU
	EndGlobalSection
	GlobalSection(SolutionProperties) = preSolution
		HideSolutionNode = FALSE
	EndGlobalSection
	GlobalSection(ExtensibilityGlobals) = postSolution
		SolutionGuid = {D069C080-40DD-4806-B7EE-62E8CF670677}
	EndGlobalSection
EndGlobal
